// !$*UTF8*$!
{
	archiveVersion = 1;
	classes = {
	};
	objectVersion = 77;
	objects = {

/* Begin PBXBuildFile section */
		00AF8C17A3091193628C2768 /* voop_protocol.swift in Sources */ = {isa = PBXBuildFile; fileRef = F22FF732CA019D0D7F9529D6 /* voop_protocol.swift */; };
		088DC6094635340A0AD2452D /* RideEndNotifier.swift in Sources */ = {isa = PBXBuildFile; fileRef = 1035AD8392C72F08C4939BD5 /* RideEndNotifier.swift */; };
		10B7C2FDCD242C9B99E18CDF /* VoopProtocol.xcframework in Frameworks */ = {isa = PBXBuildFile; fileRef = E2D6A52B78279D30A374F2BA /* VoopProtocol.xcframework */; };
		1C9B649A1A8864C5ABD3FE47 /* HealthKitService.swift in Sources */ = {isa = PBXBuildFile; fileRef = 8CB05AFFA9C5717810E1C5B3 /* HealthKitService.swift */; };
		22BA344A7633874B135E525E /* MainView.swift in Sources */ = {isa = PBXBuildFile; fileRef = 3F99DEC45EEEC577A6BF3754 /* MainView.swift */; };
		24240449DE15B08DB4014DC5 /* Ride.swift in Sources */ = {isa = PBXBuildFile; fileRef = 2BFE515DA543FD8955F31EE7 /* Ride.swift */; };
		2688E12FFD1A33FC898E61A4 /* SetupView.swift in Sources */ = {isa = PBXBuildFile; fileRef = AFA80943A78641EA15194756 /* SetupView.swift */; };
		2B773EFDE1CD771860A0A90A /* ContentView.swift in Sources */ = {isa = PBXBuildFile; fileRef = 6E50F4C870EFEFAF5391D026 /* ContentView.swift */; };
		510A5B1169FFE4FECE6A5A62 /* RideDetailView.swift in Sources */ = {isa = PBXBuildFile; fileRef = 2061BD96C2B27FDB340E1FAF /* RideDetailView.swift */; };
		5734E48308D55ECEC81824AB /* AppModel.swift in Sources */ = {isa = PBXBuildFile; fileRef = 0B95F2B14E8398297E4B3361 /* AppModel.swift */; };
		59AA7C6458C1C44DF07C2FF1 /* BLEManager.swift in Sources */ = {isa = PBXBuildFile; fileRef = 9902762718B312424DF218CD /* BLEManager.swift */; };
		667D6CD52721E98594176401 /* DetectRides.swift in Sources */ = {isa = PBXBuildFile; fileRef = B8B9CC477C9EF0855712CF5F /* DetectRides.swift */; };
		6E63E6E480C82A9919D13F3A /* VoopApp.swift in Sources */ = {isa = PBXBuildFile; fileRef = 2323F51F0C727CAB37EEDA1B /* VoopApp.swift */; };
		75F8106462561E8882514BA6 /* RideActivityController.swift in Sources */ = {isa = PBXBuildFile; fileRef = 81860989184021A98870F32E /* RideActivityController.swift */; };
		7EDAAF4AF7F3255174653E7C /* VoopWidgetBundle.swift in Sources */ = {isa = PBXBuildFile; fileRef = F892412C642664C1D4C638EB /* VoopWidgetBundle.swift */; };
		7FE8E859B8D64CE107B65DCB /* AppSettings.swift in Sources */ = {isa = PBXBuildFile; fileRef = 7B63B75A17284FF9B2A047C2 /* AppSettings.swift */; };
		84964D36EACCC4F4F0BEA90F /* CalculateMetrics.swift in Sources */ = {isa = PBXBuildFile; fileRef = 379D9CDF976DA71F4375E6B0 /* CalculateMetrics.swift */; };
		9EE25AC7CEEEB3AA002CE9A7 /* DetectRidesTests.swift in Sources */ = {isa = PBXBuildFile; fileRef = 7BC4FC3832AAE2EFFA6B7782 /* DetectRidesTests.swift */; };
		A22A26FA945FEBD9E1669896 /* VoopWidget.appex in Embed Foundation Extensions */ = {isa = PBXBuildFile; fileRef = A7B2BE52FEA9F3E8AA677B32 /* VoopWidget.appex */; settings = {ATTRIBUTES = (RemoveHeadersOnCopy, ); }; };
		A52233CA93AC98332F43FBFD /* RawPoint.swift in Sources */ = {isa = PBXBuildFile; fileRef = 28A269EAFA2F1F61A90F72B6 /* RawPoint.swift */; };
		AA27EC83D52A6F2E65C6ABBB /* SwiftUI.framework in Frameworks */ = {isa = PBXBuildFile; fileRef = 2A24DDDC06EF51D40A1C8CB2 /* SwiftUI.framework */; };
		AFBEFA884949AA8FA8A1C5E4 /* AppIcon.icon in Resources */ = {isa = PBXBuildFile; fileRef = 72114A04761E83F7E1A8DD5C /* AppIcon.icon */; };
		AFDFA9C5984D293F70EDBCDD /* RideLiveActivity.swift in Sources */ = {isa = PBXBuildFile; fileRef = 2B3602E80E9C53F626AA8573 /* RideLiveActivity.swift */; };
		B0D3B9947B45DAE91E59B2DA /* WidgetKit.framework in Frameworks */ = {isa = PBXBuildFile; fileRef = CDCADF750CDB0C0C3CDE07BC /* WidgetKit.framework */; };
		B42B847B9BAE590E038C3386 /* Formatters.swift in Sources */ = {isa = PBXBuildFile; fileRef = 8F00F253C93A93A378053082 /* Formatters.swift */; };
		BF3CB19613C9A1DD066852C3 /* RideActivityAttributes.swift in Sources */ = {isa = PBXBuildFile; fileRef = D319CD2F358B8FBFBA796AEC /* RideActivityAttributes.swift */; };
		BFC659FED8FE5F2233C5D9DE /* PointStore.swift in Sources */ = {isa = PBXBuildFile; fileRef = AB3766BD67795C9B515F2486 /* PointStore.swift */; };
		D182ED6B62B5723E06DDE5EF /* CalculateMetricsTests.swift in Sources */ = {isa = PBXBuildFile; fileRef = 8A2B0D8169BCE14088D32E10 /* CalculateMetricsTests.swift */; };
		D1E0A1862F5CBFBCEA68DE9D /* MCUPeripheral.swift in Sources */ = {isa = PBXBuildFile; fileRef = 34C6132BE16B2FC6F0F3FC3E /* MCUPeripheral.swift */; };
		DB5C63421FFCBDAE17E5EC11 /* DemoData.swift in Sources */ = {isa = PBXBuildFile; fileRef = 8A860B5266B8F9CF030CC353 /* DemoData.swift */; };
		E6FBA534D5E9C839C8D0BAF3 /* SettingsView.swift in Sources */ = {isa = PBXBuildFile; fileRef = A2CD3324FBDA929D8A315D4B /* SettingsView.swift */; };
		E816C349692E70F683752C69 /* RootTabView.swift in Sources */ = {isa = PBXBuildFile; fileRef = 5368C6D6371FD4DE59571CAD /* RootTabView.swift */; };
		FCAEFF74C16F8E7763B317F1 /* RideActivityAttributes.swift in Sources */ = {isa = PBXBuildFile; fileRef = D319CD2F358B8FBFBA796AEC /* RideActivityAttributes.swift */; };
/* End PBXBuildFile section */

/* Begin PBXContainerItemProxy section */
		46837524FE4C4A8640C451D3 /* PBXContainerItemProxy */ = {
			isa = PBXContainerItemProxy;
			containerPortal = C7485D87195BE535D587E4BC /* Project object */;
			proxyType = 1;
			remoteGlobalIDString = 61981F410A296D0A15576BC4;
			remoteInfo = Voop;
		};
		4FE90F2621DE209629FD9332 /* PBXContainerItemProxy */ = {
			isa = PBXContainerItemProxy;
			containerPortal = C7485D87195BE535D587E4BC /* Project object */;
			proxyType = 1;
			remoteGlobalIDString = E2BED4651B7459A641F1C9BF;
			remoteInfo = VoopWidget;
		};
/* End PBXContainerItemProxy section */

/* Begin PBXCopyFilesBuildPhase section */
		64375C08951F752D4A918944 /* Embed Foundation Extensions */ = {
			isa = PBXCopyFilesBuildPhase;
			buildActionMask = 2147483647;
			dstPath = "";
			dstSubfolderSpec = 13;
			files = (
				A22A26FA945FEBD9E1669896 /* VoopWidget.appex in Embed Foundation Extensions */,
			);
			name = "Embed Foundation Extensions";
			runOnlyForDeploymentPostprocessing = 0;
		};
/* End PBXCopyFilesBuildPhase section */

/* Begin PBXFileReference section */
		0B95F2B14E8398297E4B3361 /* AppModel.swift */ = {isa = PBXFileReference; lastKnownFileType = sourcecode.swift; path = AppModel.swift; sourceTree = "<group>"; };
		1035AD8392C72F08C4939BD5 /* RideEndNotifier.swift */ = {isa = PBXFileReference; lastKnownFileType = sourcecode.swift; path = RideEndNotifier.swift; sourceTree = "<group>"; };
		125F26F0973B842A1480B272 /* Voop.app */ = {isa = PBXFileReference; includeInIndex = 0; lastKnownFileType = wrapper.application; path = Voop.app; sourceTree = BUILT_PRODUCTS_DIR; };
		2061BD96C2B27FDB340E1FAF /* RideDetailView.swift */ = {isa = PBXFileReference; lastKnownFileType = sourcecode.swift; path = RideDetailView.swift; sourceTree = "<group>"; };
		2323F51F0C727CAB37EEDA1B /* VoopApp.swift */ = {isa = PBXFileReference; lastKnownFileType = sourcecode.swift; path = VoopApp.swift; sourceTree = "<group>"; };
		28A269EAFA2F1F61A90F72B6 /* RawPoint.swift */ = {isa = PBXFileReference; lastKnownFileType = sourcecode.swift; path = RawPoint.swift; sourceTree = "<group>"; };
		2A24DDDC06EF51D40A1C8CB2 /* SwiftUI.framework */ = {isa = PBXFileReference; lastKnownFileType = wrapper.framework; name = SwiftUI.framework; path = System/Library/Frameworks/SwiftUI.framework; sourceTree = SDKROOT; };
		2B3602E80E9C53F626AA8573 /* RideLiveActivity.swift */ = {isa = PBXFileReference; lastKnownFileType = sourcecode.swift; path = RideLiveActivity.swift; sourceTree = "<group>"; };
		2BFE515DA543FD8955F31EE7 /* Ride.swift */ = {isa = PBXFileReference; lastKnownFileType = sourcecode.swift; path = Ride.swift; sourceTree = "<group>"; };
		2CB39FB657C4BB45CCBC85AA /* voop_protocolFFI.h */ = {isa = PBXFileReference; lastKnownFileType = sourcecode.c.h; path = voop_protocolFFI.h; sourceTree = "<group>"; };
		34C6132BE16B2FC6F0F3FC3E /* MCUPeripheral.swift */ = {isa = PBXFileReference; lastKnownFileType = sourcecode.swift; path = MCUPeripheral.swift; sourceTree = "<group>"; };
		379D9CDF976DA71F4375E6B0 /* CalculateMetrics.swift */ = {isa = PBXFileReference; lastKnownFileType = sourcecode.swift; path = CalculateMetrics.swift; sourceTree = "<group>"; };
		3F99DEC45EEEC577A6BF3754 /* MainView.swift */ = {isa = PBXFileReference; lastKnownFileType = sourcecode.swift; path = MainView.swift; sourceTree = "<group>"; };
		4745F1500E5A41D671BE7824 /* VoopTests.xctest */ = {isa = PBXFileReference; includeInIndex = 0; lastKnownFileType = wrapper.cfbundle; path = VoopTests.xctest; sourceTree = BUILT_PRODUCTS_DIR; };
		5368C6D6371FD4DE59571CAD /* RootTabView.swift */ = {isa = PBXFileReference; lastKnownFileType = sourcecode.swift; path = RootTabView.swift; sourceTree = "<group>"; };
		6E50F4C870EFEFAF5391D026 /* ContentView.swift */ = {isa = PBXFileReference; lastKnownFileType = sourcecode.swift; path = ContentView.swift; sourceTree = "<group>"; };
		72114A04761E83F7E1A8DD5C /* AppIcon.icon */ = {isa = PBXFileReference; lastKnownFileType = wrapper.icon; path = AppIcon.icon; sourceTree = "<group>"; };
		7B63B75A17284FF9B2A047C2 /* AppSettings.swift */ = {isa = PBXFileReference; lastKnownFileType = sourcecode.swift; path = AppSettings.swift; sourceTree = "<group>"; };
		7BC4FC3832AAE2EFFA6B7782 /* DetectRidesTests.swift */ = {isa = PBXFileReference; lastKnownFileType = sourcecode.swift; path = DetectRidesTests.swift; sourceTree = "<group>"; };
		81860989184021A98870F32E /* RideActivityController.swift */ = {isa = PBXFileReference; lastKnownFileType = sourcecode.swift; path = RideActivityController.swift; sourceTree = "<group>"; };
		8A2B0D8169BCE14088D32E10 /* CalculateMetricsTests.swift */ = {isa = PBXFileReference; lastKnownFileType = sourcecode.swift; path = CalculateMetricsTests.swift; sourceTree = "<group>"; };
		8A860B5266B8F9CF030CC353 /* DemoData.swift */ = {isa = PBXFileReference; lastKnownFileType = sourcecode.swift; path = DemoData.swift; sourceTree = "<group>"; };
		8CB05AFFA9C5717810E1C5B3 /* HealthKitService.swift */ = {isa = PBXFileReference; lastKnownFileType = sourcecode.swift; path = HealthKitService.swift; sourceTree = "<group>"; };
		8F00F253C93A93A378053082 /* Formatters.swift */ = {isa = PBXFileReference; lastKnownFileType = sourcecode.swift; path = Formatters.swift; sourceTree = "<group>"; };
		9902762718B312424DF218CD /* BLEManager.swift */ = {isa = PBXFileReference; lastKnownFileType = sourcecode.swift; path = BLEManager.swift; sourceTree = "<group>"; };
		A2CD3324FBDA929D8A315D4B /* SettingsView.swift */ = {isa = PBXFileReference; lastKnownFileType = sourcecode.swift; path = SettingsView.swift; sourceTree = "<group>"; };
		A7B2BE52FEA9F3E8AA677B32 /* VoopWidget.appex */ = {isa = PBXFileReference; includeInIndex = 0; lastKnownFileType = "wrapper.app-extension"; path = VoopWidget.appex; sourceTree = BUILT_PRODUCTS_DIR; };
		AB3766BD67795C9B515F2486 /* PointStore.swift */ = {isa = PBXFileReference; lastKnownFileType = sourcecode.swift; path = PointStore.swift; sourceTree = "<group>"; };
		AFA80943A78641EA15194756 /* SetupView.swift */ = {isa = PBXFileReference; lastKnownFileType = sourcecode.swift; path = SetupView.swift; sourceTree = "<group>"; };
		B8B9CC477C9EF0855712CF5F /* DetectRides.swift */ = {isa = PBXFileReference; lastKnownFileType = sourcecode.swift; path = DetectRides.swift; sourceTree = "<group>"; };
		BDB4DA0921D0FA995CF137E1 /* Voop.entitlements */ = {isa = PBXFileReference; lastKnownFileType = text.plist.entitlements; path = Voop.entitlements; sourceTree = "<group>"; };
		C5AA541D90D10A891DA9ACC6 /* voop_protocolFFI.modulemap */ = {isa = PBXFileReference; lastKnownFileType = "sourcecode.module-map"; path = voop_protocolFFI.modulemap; sourceTree = "<group>"; };
		CB79EB307182355072E44A19 /* Info.plist */ = {isa = PBXFileReference; lastKnownFileType = text.plist; path = Info.plist; sourceTree = "<group>"; };
		CDCADF750CDB0C0C3CDE07BC /* WidgetKit.framework */ = {isa = PBXFileReference; lastKnownFileType = wrapper.framework; name = WidgetKit.framework; path = System/Library/Frameworks/WidgetKit.framework; sourceTree = SDKROOT; };
		D319CD2F358B8FBFBA796AEC /* RideActivityAttributes.swift */ = {isa = PBXFileReference; lastKnownFileType = sourcecode.swift; path = RideActivityAttributes.swift; sourceTree = "<group>"; };
		E2D6A52B78279D30A374F2BA /* VoopProtocol.xcframework */ = {isa = PBXFileReference; lastKnownFileType = wrapper.xcframework; path = VoopProtocol.xcframework; sourceTree = "<group>"; };
		F211E2A8FFA5DD20D18762C5 /* Info.plist */ = {isa = PBXFileReference; lastKnownFileType = text.plist; path = Info.plist; sourceTree = "<group>"; };
		F22FF732CA019D0D7F9529D6 /* voop_protocol.swift */ = {isa = PBXFileReference; lastKnownFileType = sourcecode.swift; path = voop_protocol.swift; sourceTree = "<group>"; };
		F892412C642664C1D4C638EB /* VoopWidgetBundle.swift */ = {isa = PBXFileReference; lastKnownFileType = sourcecode.swift; path = VoopWidgetBundle.swift; sourceTree = "<group>"; };
/* End PBXFileReference section */

/* Begin PBXFrameworksBuildPhase section */
		1F33D180790FAF47BB944455 /* Frameworks */ = {
			isa = PBXFrameworksBuildPhase;
			buildActionMask = 2147483647;
			files = (
				10B7C2FDCD242C9B99E18CDF /* VoopProtocol.xcframework in Frameworks */,
			);
			runOnlyForDeploymentPostprocessing = 0;
		};
		8425A020DAF05C01A64A71FD /* Frameworks */ = {
			isa = PBXFrameworksBuildPhase;
			buildActionMask = 2147483647;
			files = (
				B0D3B9947B45DAE91E59B2DA /* WidgetKit.framework in Frameworks */,
				AA27EC83D52A6F2E65C6ABBB /* SwiftUI.framework in Frameworks */,
			);
			runOnlyForDeploymentPostprocessing = 0;
		};
/* End PBXFrameworksBuildPhase section */

/* Begin PBXGroup section */
		02FC14204C4F3956B1E3E2EA /* Setup */ = {
			isa = PBXGroup;
			children = (
				AFA80943A78641EA15194756 /* SetupView.swift */,
			);
			path = Setup;
			sourceTree = "<group>";
		};
		06DA579E23249096A231542C /* VoopTests */ = {
			isa = PBXGroup;
			children = (
				8A2B0D8169BCE14088D32E10 /* CalculateMetricsTests.swift */,
				7BC4FC3832AAE2EFFA6B7782 /* DetectRidesTests.swift */,
			);
			path = VoopTests;
			sourceTree = "<group>";
		};
		1D2E8FDF1A5624533ED4665A = {
			isa = PBXGroup;
			children = (
				EBA973C8A458E9A4A1F4316B /* Voop */,
				06DA579E23249096A231542C /* VoopTests */,
				BD1B5BD60751A90450DC4144 /* VoopWidget */,
				7DDD5866D678B1EFF379A986 /* Frameworks */,
				D4FDE2A5F7AFDF60C0AAC327 /* Products */,
			);
			sourceTree = "<group>";
		};
		408D2C07706A8894D1EDEDD2 /* Presentation */ = {
			isa = PBXGroup;
			children = (
				0B95F2B14E8398297E4B3361 /* AppModel.swift */,
				8A860B5266B8F9CF030CC353 /* DemoData.swift */,
				3F99DEC45EEEC577A6BF3754 /* MainView.swift */,
				81860989184021A98870F32E /* RideActivityController.swift */,
				1035AD8392C72F08C4939BD5 /* RideEndNotifier.swift */,
				5368C6D6371FD4DE59571CAD /* RootTabView.swift */,
				A2CD3324FBDA929D8A315D4B /* SettingsView.swift */,
				474A33C5C1198867EFBFFF7D /* DesignSystem */,
				CCE22CF6F9F339C920737614 /* Rides */,
				02FC14204C4F3956B1E3E2EA /* Setup */,
			);
			path = Presentation;
			sourceTree = "<group>";
		};
		45CCDD19EAE21E55F296C4CF /* Data */ = {
			isa = PBXGroup;
			children = (
				EADBC4C43D32B51A30CA2762 /* BLE */,
				9F550D03D324494E8A000D4B /* Health */,
				C86B88CA3E3A3F6F8DA33BFE /* Persistence */,
			);
			path = Data;
			sourceTree = "<group>";
		};
		474A33C5C1198867EFBFFF7D /* DesignSystem */ = {
			isa = PBXGroup;
			children = (
				8F00F253C93A93A378053082 /* Formatters.swift */,
			);
			path = DesignSystem;
			sourceTree = "<group>";
		};
		4A0F99B105F3EEA69ACA7AC7 /* Shared */ = {
			isa = PBXGroup;
			children = (
				D319CD2F358B8FBFBA796AEC /* RideActivityAttributes.swift */,
			);
			path = Shared;
			sourceTree = "<group>";
		};
		4A6A85108F87002D7279807B /* Models */ = {
			isa = PBXGroup;
			children = (
				7B63B75A17284FF9B2A047C2 /* AppSettings.swift */,
				28A269EAFA2F1F61A90F72B6 /* RawPoint.swift */,
				2BFE515DA543FD8955F31EE7 /* Ride.swift */,
			);
			path = Models;
			sourceTree = "<group>";
		};
		7DDD5866D678B1EFF379A986 /* Frameworks */ = {
			isa = PBXGroup;
			children = (
				2A24DDDC06EF51D40A1C8CB2 /* SwiftUI.framework */,
				E2D6A52B78279D30A374F2BA /* VoopProtocol.xcframework */,
				CDCADF750CDB0C0C3CDE07BC /* WidgetKit.framework */,
			);
			name = Frameworks;
			sourceTree = "<group>";
		};
		9F550D03D324494E8A000D4B /* Health */ = {
			isa = PBXGroup;
			children = (
				8CB05AFFA9C5717810E1C5B3 /* HealthKitService.swift */,
			);
			path = Health;
			sourceTree = "<group>";
		};
		A4F4D6F9C397950542186591 /* Domain */ = {
			isa = PBXGroup;
			children = (
				4A6A85108F87002D7279807B /* Models */,
				F0A9E51F34E38F3D00356691 /* UseCases */,
			);
			path = Domain;
			sourceTree = "<group>";
		};
		BD1B5BD60751A90450DC4144 /* VoopWidget */ = {
			isa = PBXGroup;
			children = (
				F211E2A8FFA5DD20D18762C5 /* Info.plist */,
				2B3602E80E9C53F626AA8573 /* RideLiveActivity.swift */,
				F892412C642664C1D4C638EB /* VoopWidgetBundle.swift */,
			);
			path = VoopWidget;
			sourceTree = "<group>";
		};
		C86B88CA3E3A3F6F8DA33BFE /* Persistence */ = {
			isa = PBXGroup;
			children = (
				AB3766BD67795C9B515F2486 /* PointStore.swift */,
			);
			path = Persistence;
			sourceTree = "<group>";
		};
		C9D3071DAA64CF4E76808552 /* App */ = {
			isa = PBXGroup;
			children = (
				72114A04761E83F7E1A8DD5C /* AppIcon.icon */,
				6E50F4C870EFEFAF5391D026 /* ContentView.swift */,
				CB79EB307182355072E44A19 /* Info.plist */,
				BDB4DA0921D0FA995CF137E1 /* Voop.entitlements */,
				2323F51F0C727CAB37EEDA1B /* VoopApp.swift */,
			);
			path = App;
			sourceTree = "<group>";
		};
		CCE22CF6F9F339C920737614 /* Rides */ = {
			isa = PBXGroup;
			children = (
				2061BD96C2B27FDB340E1FAF /* RideDetailView.swift */,
			);
			path = Rides;
			sourceTree = "<group>";
		};
		D4FDE2A5F7AFDF60C0AAC327 /* Products */ = {
			isa = PBXGroup;
			children = (
				125F26F0973B842A1480B272 /* Voop.app */,
				4745F1500E5A41D671BE7824 /* VoopTests.xctest */,
				A7B2BE52FEA9F3E8AA677B32 /* VoopWidget.appex */,
			);
			name = Products;
			sourceTree = "<group>";
		};
		EADBC4C43D32B51A30CA2762 /* BLE */ = {
			isa = PBXGroup;
			children = (
				9902762718B312424DF218CD /* BLEManager.swift */,
				34C6132BE16B2FC6F0F3FC3E /* MCUPeripheral.swift */,
			);
			path = BLE;
			sourceTree = "<group>";
		};
		EBA973C8A458E9A4A1F4316B /* Voop */ = {
			isa = PBXGroup;
			children = (
				C9D3071DAA64CF4E76808552 /* App */,
				45CCDD19EAE21E55F296C4CF /* Data */,
				A4F4D6F9C397950542186591 /* Domain */,
				F7E10089D2A8242F0F22D9F1 /* Generated */,
				408D2C07706A8894D1EDEDD2 /* Presentation */,
				4A0F99B105F3EEA69ACA7AC7 /* Shared */,
			);
			path = Voop;
			sourceTree = "<group>";
		};
		F0A9E51F34E38F3D00356691 /* UseCases */ = {
			isa = PBXGroup;
			children = (
				379D9CDF976DA71F4375E6B0 /* CalculateMetrics.swift */,
				B8B9CC477C9EF0855712CF5F /* DetectRides.swift */,
			);
			path = UseCases;
			sourceTree = "<group>";
		};
		F7E10089D2A8242F0F22D9F1 /* Generated */ = {
			isa = PBXGroup;
			children = (
				F22FF732CA019D0D7F9529D6 /* voop_protocol.swift */,
				2CB39FB657C4BB45CCBC85AA /* voop_protocolFFI.h */,
				C5AA541D90D10A891DA9ACC6 /* voop_protocolFFI.modulemap */,
			);
			path = Generated;
			sourceTree = "<group>";
		};
/* End PBXGroup section */

/* Begin PBXNativeTarget section */
		61981F410A296D0A15576BC4 /* Voop */ = {
			isa = PBXNativeTarget;
			buildConfigurationList = 249069781B119E2AA511B98E /* Build configuration list for PBXNativeTarget "Voop" */;
			buildPhases = (
				B7A299254345AA20C63C71D4 /* Sources */,
				508FE729BF84670A48F85CA2 /* Resources */,
				1F33D180790FAF47BB944455 /* Frameworks */,
				64375C08951F752D4A918944 /* Embed Foundation Extensions */,
			);
			buildRules = (
			);
			dependencies = (
				D88961399F24D1430A4CDE8F /* PBXTargetDependency */,
			);
			name = Voop;
			packageProductDependencies = (
			);
			productName = Voop;
			productReference = 125F26F0973B842A1480B272 /* Voop.app */;
			productType = "com.apple.product-type.application";
		};
		86C31E9BA649D5EB7CC95208 /* VoopTests */ = {
			isa = PBXNativeTarget;
			buildConfigurationList = 1BDE5A0CBFE14B3487AC2C32 /* Build configuration list for PBXNativeTarget "VoopTests" */;
			buildPhases = (
				840131E801DFF392CCDD67DE /* Sources */,
			);
			buildRules = (
			);
			dependencies = (
				99B3F5F2DEA1A7EE056E03DA /* PBXTargetDependency */,
			);
			name = VoopTests;
			packageProductDependencies = (
			);
			productName = VoopTests;
			productReference = 4745F1500E5A41D671BE7824 /* VoopTests.xctest */;
			productType = "com.apple.product-type.bundle.unit-test";
		};
		E2BED4651B7459A641F1C9BF /* VoopWidget */ = {
			isa = PBXNativeTarget;
			buildConfigurationList = 06BE7B14FC055482F8A41F02 /* Build configuration list for PBXNativeTarget "VoopWidget" */;
			buildPhases = (
				949142C8353E051CB5A9FC50 /* Sources */,
				8425A020DAF05C01A64A71FD /* Frameworks */,
			);
			buildRules = (
			);
			dependencies = (
			);
			name = VoopWidget;
			packageProductDependencies = (
			);
			productName = VoopWidget;
			productReference = A7B2BE52FEA9F3E8AA677B32 /* VoopWidget.appex */;
			productType = "com.apple.product-type.app-extension";
		};
/* End PBXNativeTarget section */

/* Begin PBXProject section */
		C7485D87195BE535D587E4BC /* Project object */ = {
			isa = PBXProject;
			attributes = {
				BuildIndependentTargetsInParallel = YES;
				LastUpgradeCheck = 1640;
				TargetAttributes = {
					61981F410A296D0A15576BC4 = {
						DevelopmentTeam = 5S3AM79MK3;
						ProvisioningStyle = Automatic;
					};
					86C31E9BA649D5EB7CC95208 = {
						DevelopmentTeam = 5S3AM79MK3;
					};
					E2BED4651B7459A641F1C9BF = {
						DevelopmentTeam = 5S3AM79MK3;
						ProvisioningStyle = Automatic;
					};
				};
			};
			buildConfigurationList = 531FC68CE7881BEDE9E537FD /* Build configuration list for PBXProject "Voop" */;
			developmentRegion = en;
			hasScannedForEncodings = 0;
			knownRegions = (
				Base,
				en,
			);
			mainGroup = 1D2E8FDF1A5624533ED4665A;
			minimizedProjectReferenceProxies = 1;
			preferredProjectObjectVersion = 77;
			productRefGroup = D4FDE2A5F7AFDF60C0AAC327 /* Products */;
			projectDirPath = "";
			projectRoot = "";
			targets = (
				61981F410A296D0A15576BC4 /* Voop */,
				86C31E9BA649D5EB7CC95208 /* VoopTests */,
				E2BED4651B7459A641F1C9BF /* VoopWidget */,
			);
		};
/* End PBXProject section */

/* Begin PBXResourcesBuildPhase section */
		508FE729BF84670A48F85CA2 /* Resources */ = {
			isa = PBXResourcesBuildPhase;
			buildActionMask = 2147483647;
			files = (
				AFBEFA884949AA8FA8A1C5E4 /* AppIcon.icon in Resources */,
			);
			runOnlyForDeploymentPostprocessing = 0;
		};
/* End PBXResourcesBuildPhase section */

/* Begin PBXSourcesBuildPhase section */
		840131E801DFF392CCDD67DE /* Sources */ = {
			isa = PBXSourcesBuildPhase;
			buildActionMask = 2147483647;
			files = (
				D182ED6B62B5723E06DDE5EF /* CalculateMetricsTests.swift in Sources */,
				9EE25AC7CEEEB3AA002CE9A7 /* DetectRidesTests.swift in Sources */,
			);
			runOnlyForDeploymentPostprocessing = 0;
		};
		949142C8353E051CB5A9FC50 /* Sources */ = {
			isa = PBXSourcesBuildPhase;
			buildActionMask = 2147483647;
			files = (
				FCAEFF74C16F8E7763B317F1 /* RideActivityAttributes.swift in Sources */,
				AFDFA9C5984D293F70EDBCDD /* RideLiveActivity.swift in Sources */,
				7EDAAF4AF7F3255174653E7C /* VoopWidgetBundle.swift in Sources */,
			);
			runOnlyForDeploymentPostprocessing = 0;
		};
		B7A299254345AA20C63C71D4 /* Sources */ = {
			isa = PBXSourcesBuildPhase;
			buildActionMask = 2147483647;
			files = (
				5734E48308D55ECEC81824AB /* AppModel.swift in Sources */,
				7FE8E859B8D64CE107B65DCB /* AppSettings.swift in Sources */,
				59AA7C6458C1C44DF07C2FF1 /* BLEManager.swift in Sources */,
				84964D36EACCC4F4F0BEA90F /* CalculateMetrics.swift in Sources */,
				2B773EFDE1CD771860A0A90A /* ContentView.swift in Sources */,
				DB5C63421FFCBDAE17E5EC11 /* DemoData.swift in Sources */,
				667D6CD52721E98594176401 /* DetectRides.swift in Sources */,
				B42B847B9BAE590E038C3386 /* Formatters.swift in Sources */,
				1C9B649A1A8864C5ABD3FE47 /* HealthKitService.swift in Sources */,
				D1E0A1862F5CBFBCEA68DE9D /* MCUPeripheral.swift in Sources */,
				22BA344A7633874B135E525E /* MainView.swift in Sources */,
				BFC659FED8FE5F2233C5D9DE /* PointStore.swift in Sources */,
				A52233CA93AC98332F43FBFD /* RawPoint.swift in Sources */,
				24240449DE15B08DB4014DC5 /* Ride.swift in Sources */,
				BF3CB19613C9A1DD066852C3 /* RideActivityAttributes.swift in Sources */,
				75F8106462561E8882514BA6 /* RideActivityController.swift in Sources */,
				510A5B1169FFE4FECE6A5A62 /* RideDetailView.swift in Sources */,
				088DC6094635340A0AD2452D /* RideEndNotifier.swift in Sources */,
				E816C349692E70F683752C69 /* RootTabView.swift in Sources */,
				E6FBA534D5E9C839C8D0BAF3 /* SettingsView.swift in Sources */,
				2688E12FFD1A33FC898E61A4 /* SetupView.swift in Sources */,
				6E63E6E480C82A9919D13F3A /* VoopApp.swift in Sources */,
				00AF8C17A3091193628C2768 /* voop_protocol.swift in Sources */,
			);
			runOnlyForDeploymentPostprocessing = 0;
		};
/* End PBXSourcesBuildPhase section */

/* Begin PBXTargetDependency section */
		99B3F5F2DEA1A7EE056E03DA /* PBXTargetDependency */ = {
			isa = PBXTargetDependency;
			target = 61981F410A296D0A15576BC4 /* Voop */;
			targetProxy = 46837524FE4C4A8640C451D3 /* PBXContainerItemProxy */;
		};
		D88961399F24D1430A4CDE8F /* PBXTargetDependency */ = {
			isa = PBXTargetDependency;
			target = E2BED4651B7459A641F1C9BF /* VoopWidget */;
			targetProxy = 4FE90F2621DE209629FD9332 /* PBXContainerItemProxy */;
		};
/* End PBXTargetDependency section */

/* Begin XCBuildConfiguration section */
		10B9A2A4C85A06CCFF964E15 /* Debug */ = {
			isa = XCBuildConfiguration;
			buildSettings = {
				BUNDLE_LOADER = "$(TEST_HOST)";
				DEVELOPMENT_TEAM = 5S3AM79MK3;
				GENERATE_INFOPLIST_FILE = YES;
				IPHONEOS_DEPLOYMENT_TARGET = 26.0;
				LD_RUNPATH_SEARCH_PATHS = (
					"$(inherited)",
					"@executable_path/Frameworks",
					"@loader_path/Frameworks",
				);
				PRODUCT_BUNDLE_IDENTIFIER = com.galaiko.voop.tests;
				SDKROOT = iphoneos;
				TARGETED_DEVICE_FAMILY = "1,2";
				TEST_HOST = "$(BUILT_PRODUCTS_DIR)/Voop.app/Voop";
			};
			name = Debug;
		};
		15774C275F7EA8C32AF42CED /* Debug */ = {
			isa = XCBuildConfiguration;
			buildSettings = {
				ASSETCATALOG_COMPILER_APPICON_NAME = AppIcon;
				CODE_SIGN_ENTITLEMENTS = Voop/App/Voop.entitlements;
				CODE_SIGN_IDENTITY = "iPhone Developer";
				CODE_SIGN_STYLE = Automatic;
				DEVELOPMENT_TEAM = 5S3AM79MK3;
				FRAMEWORK_SEARCH_PATHS = (
					"$(inherited)",
					"\".\"",
				);
				INFOPLIST_FILE = Voop/App/Info.plist;
				IPHONEOS_DEPLOYMENT_TARGET = 26.0;
				LD_RUNPATH_SEARCH_PATHS = (
					"$(inherited)",
					"@executable_path/Frameworks",
				);
				PRODUCT_BUNDLE_IDENTIFIER = com.galaiko.voop;
				SDKROOT = iphoneos;
				TARGETED_DEVICE_FAMILY = "1,2";
			};
			name = Debug;
		};
		3235B5F165673E366F8D6CC0 /* Release */ = {
			isa = XCBuildConfiguration;
			buildSettings = {
				CODE_SIGN_STYLE = Automatic;
				DEVELOPMENT_TEAM = 5S3AM79MK3;
				INFOPLIST_FILE = VoopWidget/Info.plist;
				IPHONEOS_DEPLOYMENT_TARGET = 26.0;
				LD_RUNPATH_SEARCH_PATHS = (
					"$(inherited)",
					"@executable_path/Frameworks",
					"@executable_path/../../Frameworks",
				);
				PRODUCT_BUNDLE_IDENTIFIER = com.galaiko.voop.widget;
				SDKROOT = iphoneos;
				TARGETED_DEVICE_FAMILY = "1,2";
			};
			name = Release;
		};
		5AE53E3DB54592020840A6F6 /* Debug */ = {
			isa = XCBuildConfiguration;
			buildSettings = {
				ALWAYS_SEARCH_USER_PATHS = NO;
				CLANG_ANALYZER_NONNULL = YES;
				CLANG_ANALYZER_NUMBER_OBJECT_CONVERSION = YES_AGGRESSIVE;
				CLANG_CXX_LANGUAGE_STANDARD = "gnu++14";
				CLANG_CXX_LIBRARY = "libc++";
				CLANG_ENABLE_MODULES = YES;
				CLANG_ENABLE_OBJC_ARC = YES;
				CLANG_ENABLE_OBJC_WEAK = YES;
				CLANG_WARN_BLOCK_CAPTURE_AUTORELEASING = YES;
				CLANG_WARN_BOOL_CONVERSION = YES;
				CLANG_WARN_COMMA = YES;
				CLANG_WARN_CONSTANT_CONVERSION = YES;
				CLANG_WARN_DEPRECATED_OBJC_IMPLEMENTATIONS = YES;
				CLANG_WARN_DIRECT_OBJC_ISA_USAGE = YES_ERROR;
				CLANG_WARN_DOCUMENTATION_COMMENTS = YES;
				CLANG_WARN_EMPTY_BODY = YES;
				CLANG_WARN_ENUM_CONVERSION = YES;
				CLANG_WARN_INFINITE_RECURSION = YES;
				CLANG_WARN_INT_CONVERSION = YES;
				CLANG_WARN_NON_LITERAL_NULL_CONVERSION = YES;
				CLANG_WARN_OBJC_IMPLICIT_RETAIN_SELF = YES;
				CLANG_WARN_OBJC_LITERAL_CONVERSION = YES;
				CLANG_WARN_OBJC_ROOT_CLASS = YES_ERROR;
				CLANG_WARN_QUOTED_INCLUDE_IN_FRAMEWORK_HEADER = YES;
				CLANG_WARN_RANGE_LOOP_ANALYSIS = YES;
				CLANG_WARN_STRICT_PROTOTYPES = YES;
				CLANG_WARN_SUSPICIOUS_MOVE = YES;
				CLANG_WARN_UNGUARDED_AVAILABILITY = YES_AGGRESSIVE;
				CLANG_WARN_UNREACHABLE_CODE = YES;
				CLANG_WARN__DUPLICATE_METHOD_MATCH = YES;
				COPY_PHASE_STRIP = NO;
				DEBUG_INFORMATION_FORMAT = dwarf;
				ENABLE_STRICT_CONCURRENCY = complete;
				ENABLE_STRICT_OBJC_MSGSEND = YES;
				ENABLE_TESTABILITY = YES;
				GCC_C_LANGUAGE_STANDARD = gnu11;
				GCC_DYNAMIC_NO_PIC = NO;
				GCC_NO_COMMON_BLOCKS = YES;
				GCC_OPTIMIZATION_LEVEL = 0;
				GCC_PREPROCESSOR_DEFINITIONS = (
					"$(inherited)",
					"DEBUG=1",
				);
				GCC_WARN_64_TO_32_BIT_CONVERSION = YES;
				GCC_WARN_ABOUT_RETURN_TYPE = YES_ERROR;
				GCC_WARN_UNDECLARED_SELECTOR = YES;
				GCC_WARN_UNINITIALIZED_AUTOS = YES_AGGRESSIVE;
				GCC_WARN_UNUSED_FUNCTION = YES;
				GCC_WARN_UNUSED_VARIABLE = YES;
				IPHONEOS_DEPLOYMENT_TARGET = 26.0;
				MTL_ENABLE_DEBUG_INFO = INCLUDE_SOURCE;
				MTL_FAST_MATH = YES;
				ONLY_ACTIVE_ARCH = YES;
				PRODUCT_NAME = "$(TARGET_NAME)";
				SDKROOT = iphoneos;
				SWIFT_ACTIVE_COMPILATION_CONDITIONS = DEBUG;
				SWIFT_OPTIMIZATION_LEVEL = "-Onone";
				SWIFT_STRICT_CONCURRENCY = complete;
				SWIFT_VERSION = 6.0;
			};
			name = Debug;
		};
		7B8C6EE393B4E1F597019A35 /* Release */ = {
			isa = XCBuildConfiguration;
			buildSettings = {
				ASSETCATALOG_COMPILER_APPICON_NAME = AppIcon;
				CODE_SIGN_ENTITLEMENTS = Voop/App/Voop.entitlements;
				CODE_SIGN_IDENTITY = "iPhone Developer";
				CODE_SIGN_STYLE = Automatic;
				DEVELOPMENT_TEAM = 5S3AM79MK3;
				FRAMEWORK_SEARCH_PATHS = (
					"$(inherited)",
					"\".\"",
				);
				INFOPLIST_FILE = Voop/App/Info.plist;
				IPHONEOS_DEPLOYMENT_TARGET = 26.0;
				LD_RUNPATH_SEARCH_PATHS = (
					"$(inherited)",
					"@executable_path/Frameworks",
				);
				PRODUCT_BUNDLE_IDENTIFIER = com.galaiko.voop;
				SDKROOT = iphoneos;
				TARGETED_DEVICE_FAMILY = "1,2";
			};
			name = Release;
		};
		8459BC765620635D99B800EC /* Release */ = {
			isa = XCBuildConfiguration;
			buildSettings = {
				ALWAYS_SEARCH_USER_PATHS = NO;
				CLANG_ANALYZER_NONNULL = YES;
				CLANG_ANALYZER_NUMBER_OBJECT_CONVERSION = YES_AGGRESSIVE;
				CLANG_CXX_LANGUAGE_STANDARD = "gnu++14";
				CLANG_CXX_LIBRARY = "libc++";
				CLANG_ENABLE_MODULES = YES;
				CLANG_ENABLE_OBJC_ARC = YES;
				CLANG_ENABLE_OBJC_WEAK = YES;
				CLANG_WARN_BLOCK_CAPTURE_AUTORELEASING = YES;
				CLANG_WARN_BOOL_CONVERSION = YES;
				CLANG_WARN_COMMA = YES;
				CLANG_WARN_CONSTANT_CONVERSION = YES;
				CLANG_WARN_DEPRECATED_OBJC_IMPLEMENTATIONS = YES;
				CLANG_WARN_DIRECT_OBJC_ISA_USAGE = YES_ERROR;
				CLANG_WARN_DOCUMENTATION_COMMENTS = YES;
				CLANG_WARN_EMPTY_BODY = YES;
				CLANG_WARN_ENUM_CONVERSION = YES;
				CLANG_WARN_INFINITE_RECURSION = YES;
				CLANG_WARN_INT_CONVERSION = YES;
				CLANG_WARN_NON_LITERAL_NULL_CONVERSION = YES;
				CLANG_WARN_OBJC_IMPLICIT_RETAIN_SELF = YES;
				CLANG_WARN_OBJC_LITERAL_CONVERSION = YES;
				CLANG_WARN_OBJC_ROOT_CLASS = YES_ERROR;
				CLANG_WARN_QUOTED_INCLUDE_IN_FRAMEWORK_HEADER = YES;
				CLANG_WARN_RANGE_LOOP_ANALYSIS = YES;
				CLANG_WARN_STRICT_PROTOTYPES = YES;
				CLANG_WARN_SUSPICIOUS_MOVE = YES;
				CLANG_WARN_UNGUARDED_AVAILABILITY = YES_AGGRESSIVE;
				CLANG_WARN_UNREACHABLE_CODE = YES;
				CLANG_WARN__DUPLICATE_METHOD_MATCH = YES;
				COPY_PHASE_STRIP = NO;
				DEBUG_INFORMATION_FORMAT = "dwarf-with-dsym";
				ENABLE_NS_ASSERTIONS = NO;
				ENABLE_STRICT_CONCURRENCY = complete;
				ENABLE_STRICT_OBJC_MSGSEND = YES;
				GCC_C_LANGUAGE_STANDARD = gnu11;
				GCC_NO_COMMON_BLOCKS = YES;
				GCC_WARN_64_TO_32_BIT_CONVERSION = YES;
				GCC_WARN_ABOUT_RETURN_TYPE = YES_ERROR;
				GCC_WARN_UNDECLARED_SELECTOR = YES;
				GCC_WARN_UNINITIALIZED_AUTOS = YES_AGGRESSIVE;
				GCC_WARN_UNUSED_FUNCTION = YES;
				GCC_WARN_UNUSED_VARIABLE = YES;
				IPHONEOS_DEPLOYMENT_TARGET = 26.0;
				MTL_ENABLE_DEBUG_INFO = NO;
				MTL_FAST_MATH = YES;
				PRODUCT_NAME = "$(TARGET_NAME)";
				SDKROOT = iphoneos;
				SWIFT_COMPILATION_MODE = wholemodule;
				SWIFT_OPTIMIZATION_LEVEL = "-O";
				SWIFT_STRICT_CONCURRENCY = complete;
				SWIFT_VERSION = 6.0;
			};
			name = Release;
		};
		C81481AA81023AEB95F464AF /* Release */ = {
			isa = XCBuildConfiguration;
			buildSettings = {
				BUNDLE_LOADER = "$(TEST_HOST)";
				DEVELOPMENT_TEAM = 5S3AM79MK3;
				GENERATE_INFOPLIST_FILE = YES;
				IPHONEOS_DEPLOYMENT_TARGET = 26.0;
				LD_RUNPATH_SEARCH_PATHS = (
					"$(inherited)",
					"@executable_path/Frameworks",
					"@loader_path/Frameworks",
				);
				PRODUCT_BUNDLE_IDENTIFIER = com.galaiko.voop.tests;
				SDKROOT = iphoneos;
				TARGETED_DEVICE_FAMILY = "1,2";
				TEST_HOST = "$(BUILT_PRODUCTS_DIR)/Voop.app/Voop";
			};
			name = Release;
		};
		E729ACE338A6537773E88AB2 /* Debug */ = {
			isa = XCBuildConfiguration;
			buildSettings = {
				CODE_SIGN_STYLE = Automatic;
				DEVELOPMENT_TEAM = 5S3AM79MK3;
				INFOPLIST_FILE = VoopWidget/Info.plist;
				IPHONEOS_DEPLOYMENT_TARGET = 26.0;
				LD_RUNPATH_SEARCH_PATHS = (
					"$(inherited)",
					"@executable_path/Frameworks",
					"@executable_path/../../Frameworks",
				);
				PRODUCT_BUNDLE_IDENTIFIER = com.galaiko.voop.widget;
				SDKROOT = iphoneos;
				TARGETED_DEVICE_FAMILY = "1,2";
			};
			name = Debug;
		};
/* End XCBuildConfiguration section */

/* Begin XCConfigurationList section */
		06BE7B14FC055482F8A41F02 /* Build configuration list for PBXNativeTarget "VoopWidget" */ = {
			isa = XCConfigurationList;
			buildConfigurations = (
				E729ACE338A6537773E88AB2 /* Debug */,
				3235B5F165673E366F8D6CC0 /* Release */,
			);
			defaultConfigurationIsVisible = 0;
			defaultConfigurationName = Debug;
		};
		1BDE5A0CBFE14B3487AC2C32 /* Build configuration list for PBXNativeTarget "VoopTests" */ = {
			isa = XCConfigurationList;
			buildConfigurations = (
				10B9A2A4C85A06CCFF964E15 /* Debug */,
				C81481AA81023AEB95F464AF /* Release */,
			);
			defaultConfigurationIsVisible = 0;
			defaultConfigurationName = Debug;
		};
		249069781B119E2AA511B98E /* Build configuration list for PBXNativeTarget "Voop" */ = {
			isa = XCConfigurationList;
			buildConfigurations = (
				15774C275F7EA8C32AF42CED /* Debug */,
				7B8C6EE393B4E1F597019A35 /* Release */,
			);
			defaultConfigurationIsVisible = 0;
			defaultConfigurationName = Debug;
		};
		531FC68CE7881BEDE9E537FD /* Build configuration list for PBXProject "Voop" */ = {
			isa = XCConfigurationList;
			buildConfigurations = (
				5AE53E3DB54592020840A6F6 /* Debug */,
				8459BC765620635D99B800EC /* Release */,
			);
			defaultConfigurationIsVisible = 0;
			defaultConfigurationName = Debug;
		};
/* End XCConfigurationList section */
	};
	rootObject = C7485D87195BE535D587E4BC /* Project object */;
}
